// !$*UTF8*$!
{
	archiveVersion = 1;
	classes = {
	};
	objectVersion = 56;
	objects = {

/* Begin PBXBuildFile section */
		452F32D02C3BEED1007A4232 /* mynewsApp.swift in Sources */ = {isa = PBXBuildFile; fileRef = 452F32CF2C3BEED1007A4232 /* mynewsApp.swift */; };
		452F32D22C3BEED1007A4232 /* ContentView.swift in Sources */ = {isa = PBXBuildFile; fileRef = 452F32D12C3BEED1007A4232 /* ContentView.swift */; };
		452F32D42C3BEED2007A4232 /* Assets.xcassets in Resources */ = {isa = PBXBuildFile; fileRef = 452F32D32C3BEED2007A4232 /* Assets.xcassets */; };
		452F32D72C3BEED2007A4232 /* Preview Assets.xcassets in Resources */ = {isa = PBXBuildFile; fileRef = 452F32D62C3BEED2007A4232 /* Preview Assets.xcassets */; };
		452F32D92C3BEED2007A4232 /* Persistence.swift in Sources */ = {isa = PBXBuildFile; fileRef = 452F32D82C3BEED2007A4232 /* Persistence.swift */; };
		452F32DC2C3BEED2007A4232 /* mynews.xcdatamodeld in Sources */ = {isa = PBXBuildFile; fileRef = 452F32DA2C3BEED2007A4232 /* mynews.xcdatamodeld */; };
		452F32E62C3BEFF9007A4232 /* Article.swift in Sources */ = {isa = PBXBuildFile; fileRef = 452F32E52C3BEFF9007A4232 /* Article.swift */; };
		452F32E82C3BF056007A4232 /* NewsResponse.swift in Sources */ = {isa = PBXBuildFile; fileRef = 452F32E72C3BF056007A4232 /* NewsResponse.swift */; };
/* End PBXBuildFile section */

/* Begin PBXFileReference section */
		452F32CC2C3BEED1007A4232 /* mynews.app */ = {isa = PBXFileReference; explicitFileType = wrapper.application; includeInIndex = 0; path = mynews.app; sourceTree = BUILT_PRODUCTS_DIR; };
		452F32CF2C3BEED1007A4232 /* mynewsApp.swift */ = {isa = PBXFileReference; lastKnownFileType = sourcecode.swift; path = mynewsApp.swift; sourceTree = "<group>"; };
		452F32D12C3BEED1007A4232 /* ContentView.swift */ = {isa = PBXFileReference; lastKnownFileType = sourcecode.swift; path = ContentView.swift; sourceTree = "<group>"; };
		452F32D32C3BEED2007A4232 /* Assets.xcassets */ = {isa = PBXFileReference; lastKnownFileType = folder.assetcatalog; path = Assets.xcassets; sourceTree = "<group>"; };
		452F32D62C3BEED2007A4232 /* Preview Assets.xcassets */ = {isa = PBXFileReference; lastKnownFileType = folder.assetcatalog; path = "Preview Assets.xcassets"; sourceTree = "<group>"; };
		452F32D82C3BEED2007A4232 /* Persistence.swift */ = {isa = PBXFileReference; lastKnownFileType = sourcecode.swift; path = Persistence.swift; sourceTree = "<group>"; };
		452F32DB2C3BEED2007A4232 /* mynews.xcdatamodel */ = {isa = PBXFileReference; lastKnownFileType = wrapper.xcdatamodel; path = mynews.xcdatamodel; sourceTree = "<group>"; };
		452F32E52C3BEFF9007A4232 /* Article.swift */ = {isa = PBXFileReference; lastKnownFileType = sourcecode.swift; path = Article.swift; sourceTree = "<group>"; };
		452F32E72C3BF056007A4232 /* NewsResponse.swift */ = {isa = PBXFileReference; lastKnownFileType = sourcecode.swift; path = NewsResponse.swift; sourceTree = "<group>"; };
/* End PBXFileReference section */

/* Begin PBXFrameworksBuildPhase section */
		452F32C92C3BEED1007A4232 /* Frameworks */ = {
			isa = PBXFrameworksBuildPhase;
			buildActionMask = 2147483647;
			files = (
			);
			runOnlyForDeploymentPostprocessing = 0;
		};
/* End PBXFrameworksBuildPhase section */

/* Begin PBXGroup section */
		452F32C32C3BEED1007A4232 = {
			isa = PBXGroup;
			children = (
				452F32CE2C3BEED1007A4232 /* mynews */,
				452F32CD2C3BEED1007A4232 /* Products */,
			);
			sourceTree = "<group>";
		};
		452F32CD2C3BEED1007A4232 /* Products */ = {
			isa = PBXGroup;
			children = (
				452F32CC2C3BEED1007A4232 /* mynews.app */,
			);
			name = Products;
			sourceTree = "<group>";
		};
		452F32CE2C3BEED1007A4232 /* mynews */ = {
			isa = PBXGroup;
			children = (
				452F32E42C3BEF3A007A4232 /* viewmodel */,
				452F32E32C3BEF31007A4232 /* model */,
				452F32E22C3BEF2A007A4232 /* view */,
				452F32CF2C3BEED1007A4232 /* mynewsApp.swift */,
				452F32D12C3BEED1007A4232 /* ContentView.swift */,
				452F32D32C3BEED2007A4232 /* Assets.xcassets */,
				452F32D82C3BEED2007A4232 /* Persistence.swift */,
				452F32DA2C3BEED2007A4232 /* mynews.xcdatamodeld */,
				452F32D52C3BEED2007A4232 /* Preview Content */,
			);
			path = mynews;
			sourceTree = "<group>";
		};
		452F32D52C3BEED2007A4232 /* Preview Content */ = {
			isa = PBXGroup;
			children = (
				452F32D62C3BEED2007A4232 /* Preview Assets.xcassets */,
			);
			path = "Preview Content";
			sourceTree = "<group>";
		};
		452F32E22C3BEF2A007A4232 /* view */ = {
			isa = PBXGroup;
			children = (
			);
			path = view;
			sourceTree = "<group>";
		};
		452F32E32C3BEF31007A4232 /* model */ = {
			isa = PBXGroup;
			children = (
				452F32E52C3BEFF9007A4232 /* Article.swift */,
				452F32E72C3BF056007A4232 /* NewsResponse.swift */,
			);
			path = model;
			sourceTree = "<group>";
		};
		452F32E42C3BEF3A007A4232 /* viewmodel */ = {
			isa = PBXGroup;
			children = (
			);
			path = viewmodel;
			sourceTree = "<group>";
		};
/* End PBXGroup section */

/* Begin PBXNativeTarget section */
		452F32CB2C3BEED1007A4232 /* mynews */ = {
			isa = PBXNativeTarget;
			buildConfigurationList = 452F32DF2C3BEED2007A4232 /* Build configuration list for PBXNativeTarget "mynews" */;
			buildPhases = (
				452F32C82C3BEED1007A4232 /* Sources */,
				452F32C92C3BEED1007A4232 /* Frameworks */,
				452F32CA2C3BEED1007A4232 /* Resources */,
			);
			buildRules = (
			);
			dependencies = (
			);
			name = mynews;
			productName = mynews;
			productReference = 452F32CC2C3BEED1007A4232 /* mynews.app */;
			productType = "com.apple.product-type.application";
		};
/* End PBXNativeTarget section */

/* Begin PBXProject section */
		452F32C42C3BEED1007A4232 /* Project object */ = {
			isa = PBXProject;
			attributes = {
				BuildIndependentTargetsInParallel = 1;
				LastSwiftUpdateCheck = 1540;
				LastUpgradeCheck = 1540;
				TargetAttributes = {
					452F32CB2C3BEED1007A4232 = {
						CreatedOnToolsVersion = 15.4;
					};
				};
			};
			buildConfigurationList = 452F32C72C3BEED1007A4232 /* Build configuration list for PBXProject "mynews" */;
			compatibilityVersion = "Xcode 14.0";
			developmentRegion = en;
			hasScannedForEncodings = 0;
			knownRegions = (
				en,
				Base,
			);
			mainGroup = 452F32C32C3BEED1007A4232;
			productRefGroup = 452F32CD2C3BEED1007A4232 /* Products */;
			projectDirPath = "";
			projectRoot = "";
			targets = (
				452F32CB2C3BEED1007A4232 /* mynews */,
			);
		};
/* End PBXProject section */

/* Begin PBXResourcesBuildPhase section */
		452F32CA2C3BEED1007A4232 /* Resources */ = {
			isa = PBXResourcesBuildPhase;
			buildActionMask = 2147483647;
			files = (
				452F32D72C3BEED2007A4232 /* Preview Assets.xcassets in Resources */,
				452F32D42C3BEED2007A4232 /* Assets.xcassets in Resources */,
			);
			runOnlyForDeploymentPostprocessing = 0;
		};
/* End PBXResourcesBuildPhase section */

/* Begin PBXSourcesBuildPhase section */
		452F32C82C3BEED1007A4232 /* Sources */ = {
			isa = PBXSourcesBuildPhase;
			buildActionMask = 2147483647;
			files = (
				452F32D92C3BEED2007A4232 /* Persistence.swift in Sources */,
				452F32D22C3BEED1007A4232 /* ContentView.swift in Sources */,
				452F32DC2C3BEED2007A4232 /* mynews.xcdatamodeld in Sources */,
				452F32D02C3BEED1007A4232 /* mynewsApp.swift in Sources */,
				452F32E62C3BEFF9007A4232 /* Article.swift in Sources */,
				452F32E82C3BF056007A4232 /* NewsResponse.swift in Sources */,
			);
			runOnlyForDeploymentPostprocessing = 0;
		};
/* End PBXSourcesBuildPhase section */

/* Begin XCBuildConfiguration section */
		452F32DD2C3BEED2007A4232 /* Debug */ = {
			isa = XCBuildConfiguration;
			buildSettings = {
				ALWAYS_SEARCH_USER_PATHS = NO;
				ASSETCATALOG_COMPILER_GENERATE_SWIFT_ASSET_SYMBOL_EXTENSIONS = YES;
				CLANG_ANALYZER_NONNULL = YES;
				CLANG_ANALYZER_NUMBER_OBJECT_CONVERSION = YES_AGGRESSIVE;
				CLANG_CXX_LANGUAGE_STANDARD = "gnu++20";
				CLANG_ENABLE_MODULES = YES;
				CLANG_ENABLE_OBJC_ARC = YES;
				CLANG_ENABLE_OBJC_WEAK = YES;
				CLANG_WARN_BLOCK_CAPTURE_AUTORELEASING = YES;
				CLANG_WARN_BOOL_CONVERSION = YES;
				CLANG_WARN_COMMA = YES;
				CLANG_WARN_CONSTANT_CONVERSION = YES;
				CLANG_WARN_DEPRECATED_OBJC_IMPLEMENTATIONS = YES;
				CLANG_WARN_DIRECT_OBJC_ISA_USAGE = YES_ERROR;
				CLANG_WARN_DOCUMENTATION_COMMENTS = YES;
				CLANG_WARN_EMPTY_BODY = YES;
				CLANG_WARN_ENUM_CONVERSION = YES;
				CLANG_WARN_INFINITE_RECURSION = YES;
				CLANG_WARN_INT_CONVERSION = YES;
				CLANG_WARN_NON_LITERAL_NULL_CONVERSION = YES;
				CLANG_WARN_OBJC_IMPLICIT_RETAIN_SELF = YES;
				CLANG_WARN_OBJC_LITERAL_CONVERSION = YES;
				CLANG_WARN_OBJC_ROOT_CLASS = YES_ERROR;
				CLANG_WARN_QUOTED_INCLUDE_IN_FRAMEWORK_HEADER = YES;
				CLANG_WARN_RANGE_LOOP_ANALYSIS = YES;
				CLANG_WARN_STRICT_PROTOTYPES = YES;
				CLANG_WARN_SUSPICIOUS_MOVE = YES;
				CLANG_WARN_UNGUARDED_AVAILABILITY = YES_AGGRESSIVE;
				CLANG_WARN_UNREACHABLE_CODE = YES;
				CLANG_WARN__DUPLICATE_METHOD_MATCH = YES;
				COPY_PHASE_STRIP = NO;
				DEBUG_INFORMATION_FORMAT = dwarf;
				ENABLE_STRICT_OBJC_MSGSEND = YES;
				ENABLE_TESTABILITY = YES;
				ENABLE_USER_SCRIPT_SANDBOXING = YES;
				GCC_C_LANGUAGE_STANDARD = gnu17;
				GCC_DYNAMIC_NO_PIC = NO;
				GCC_NO_COMMON_BLOCKS = YES;
				GCC_OPTIMIZATION_LEVEL = 0;
				GCC_PREPROCESSOR_DEFINITIONS = (
					"DEBUG=1",
					"$(inherited)",
				);
				GCC_WARN_64_TO_32_BIT_CONVERSION = YES;
				GCC_WARN_ABOUT_RETURN_TYPE = YES_ERROR;
				GCC_WARN_UNDECLARED_SELECTOR = YES;
				GCC_WARN_UNINITIALIZED_AUTOS = YES_AGGRESSIVE;
				GCC_WARN_UNUSED_FUNCTION = YES;
				GCC_WARN_UNUSED_VARIABLE = YES;
				IPHONEOS_DEPLOYMENT_TARGET = 17.5;
				LOCALIZATION_PREFERS_STRING_CATALOGS = YES;
				MTL_ENABLE_DEBUG_INFO = INCLUDE_SOURCE;
				MTL_FAST_MATH = YES;
				ONLY_ACTIVE_ARCH = YES;
				SDKROOT = iphoneos;
				SWIFT_ACTIVE_COMPILATION_CONDITIONS = "DEBUG $(inherited)";
				SWIFT_OPTIMIZATION_LEVEL = "-Onone";
			};
			name = Debug;
		};
		452F32DE2C3BEED2007A4232 /* Release */ = {
			isa = XCBuildConfiguration;
			buildSettings = {
				ALWAYS_SEARCH_USER_PATHS = NO;
				ASSETCATALOG_COMPILER_GENERATE_SWIFT_ASSET_SYMBOL_EXTENSIONS = YES;
				CLANG_ANALYZER_NONNULL = YES;
				CLANG_ANALYZER_NUMBER_OBJECT_CONVERSION = YES_AGGRESSIVE;
				CLANG_CXX_LANGUAGE_STANDARD = "gnu++20";
				CLANG_ENABLE_MODULES = YES;
				CLANG_ENABLE_OBJC_ARC = YES;
				CLANG_ENABLE_OBJC_WEAK = YES;
				CLANG_WARN_BLOCK_CAPTURE_AUTORELEASING = YES;
				CLANG_WARN_BOOL_CONVERSION = YES;
				CLANG_WARN_COMMA = YES;
				CLANG_WARN_CONSTANT_CONVERSION = YES;
				CLANG_WARN_DEPRECATED_OBJC_IMPLEMENTATIONS = YES;
				CLANG_WARN_DIRECT_OBJC_ISA_USAGE = YES_ERROR;
				CLANG_WARN_DOCUMENTATION_COMMENTS = YES;
				CLANG_WARN_EMPTY_BODY = YES;
				CLANG_WARN_ENUM_CONVERSION = YES;
				CLANG_WARN_INFINITE_RECURSION = YES;
				CLANG_WARN_INT_CONVERSION = YES;
				CLANG_WARN_NON_LITERAL_NULL_CONVERSION = YES;
				CLANG_WARN_OBJC_IMPLICIT_RETAIN_SELF = YES;
				CLANG_WARN_OBJC_LITERAL_CONVERSION = YES;
				CLANG_WARN_OBJC_ROOT_CLASS = YES_ERROR;
				CLANG_WARN_QUOTED_INCLUDE_IN_FRAMEWORK_HEADER = YES;
				CLANG_WARN_RANGE_LOOP_ANALYSIS = YES;
				CLANG_WARN_STRICT_PROTOTYPES = YES;
				CLANG_WARN_SUSPICIOUS_MOVE = YES;
				CLANG_WARN_UNGUARDED_AVAILABILITY = YES_AGGRESSIVE;
				CLANG_WARN_UNREACHABLE_CODE = YES;
				CLANG_WARN__DUPLICATE_METHOD_MATCH = YES;
				COPY_PHASE_STRIP = NO;
				DEBUG_INFORMATION_FORMAT = "dwarf-with-dsym";
				ENABLE_NS_ASSERTIONS = NO;
				ENABLE_STRICT_OBJC_MSGSEND = YES;
				ENABLE_USER_SCRIPT_SANDBOXING = YES;
				GCC_C_LANGUAGE_STANDARD = gnu17;
				GCC_NO_COMMON_BLOCKS = YES;
				GCC_WARN_64_TO_32_BIT_CONVERSION = YES;
				GCC_WARN_ABOUT_RETURN_TYPE = YES_ERROR;
				GCC_WARN_UNDECLARED_SELECTOR = YES;
				GCC_WARN_UNINITIALIZED_AUTOS = YES_AGGRESSIVE;
				GCC_WARN_UNUSED_FUNCTION = YES;
				GCC_WARN_UNUSED_VARIABLE = YES;
				IPHONEOS_DEPLOYMENT_TARGET = 17.5;
				LOCALIZATION_PREFERS_STRING_CATALOGS = YES;
				MTL_ENABLE_DEBUG_INFO = NO;
				MTL_FAST_MATH = YES;
				SDKROOT = iphoneos;
				SWIFT_COMPILATION_MODE = wholemodule;
				VALIDATE_PRODUCT = YES;
			};
			name = Release;
		};
		452F32E02C3BEED2007A4232 /* Debug */ = {
			isa = XCBuildConfiguration;
			buildSettings = {
				ASSETCATALOG_COMPILER_APPICON_NAME = AppIcon;
				ASSETCATALOG_COMPILER_GLOBAL_ACCENT_COLOR_NAME = AccentColor;
				CODE_SIGN_STYLE = Automatic;
				CURRENT_PROJECT_VERSION = 1;
				DEVELOPMENT_ASSET_PATHS = "\"mynews/Preview Content\"";
				DEVELOPMENT_TEAM = 8MU6QHY59H;
				ENABLE_PREVIEWS = YES;
				GENERATE_INFOPLIST_FILE = YES;
				INFOPLIST_KEY_UIApplicationSceneManifest_Generation = YES;
				INFOPLIST_KEY_UIApplicationSupportsIndirectInputEvents = YES;
				INFOPLIST_KEY_UILaunchScreen_Generation = YES;
				INFOPLIST_KEY_UISupportedInterfaceOrientations_iPad = "UIInterfaceOrientationPortrait UIInterfaceOrientationPortraitUpsideDown UIInterfaceOrientationLandscapeLeft UIInterfaceOrientationLandscapeRight";
				INFOPLIST_KEY_UISupportedInterfaceOrientations_iPhone = "UIInterfaceOrientationPortrait UIInterfaceOrientationLandscapeLeft UIInterfaceOrientationLandscapeRight";
				LD_RUNPATH_SEARCH_PATHS = (
					"$(inherited)",
					"@executable_path/Frameworks",
				);
				MARKETING_VERSION = 1.0;
				PRODUCT_BUNDLE_IDENTIFIER = dev.ruben.mynews;
				PRODUCT_NAME = "$(TARGET_NAME)";
				SWIFT_EMIT_LOC_STRINGS = YES;
				SWIFT_VERSION = 5.0;
				TARGETED_DEVICE_FAMILY = "1,2";
			};
			name = Debug;
		};
		452F32E12C3BEED2007A4232 /* Release */ = {
			isa = XCBuildConfiguration;
			buildSettings = {
				ASSETCATALOG_COMPILER_APPICON_NAME = AppIcon;
				ASSETCATALOG_COMPILER_GLOBAL_ACCENT_COLOR_NAME = AccentColor;
				CODE_SIGN_STYLE = Automatic;
				CURRENT_PROJECT_VERSION = 1;
				DEVELOPMENT_ASSET_PATHS = "\"mynews/Preview Content\"";
				DEVELOPMENT_TEAM = 8MU6QHY59H;
				ENABLE_PREVIEWS = YES;
				GENERATE_INFOPLIST_FILE = YES;
				INFOPLIST_KEY_UIApplicationSceneManifest_Generation = YES;
				INFOPLIST_KEY_UIApplicationSupportsIndirectInputEvents = YES;
				INFOPLIST_KEY_UILaunchScreen_Generation = YES;
				INFOPLIST_KEY_UISupportedInterfaceOrientations_iPad = "UIInterfaceOrientationPortrait UIInterfaceOrientationPortraitUpsideDown UIInterfaceOrientationLandscapeLeft UIInterfaceOrientationLandscapeRight";
				INFOPLIST_KEY_UISupportedInterfaceOrientations_iPhone = "UIInterfaceOrientationPortrait UIInterfaceOrientationLandscapeLeft UIInterfaceOrientationLandscapeRight";
				LD_RUNPATH_SEARCH_PATHS = (
					"$(inherited)",
					"@executable_path/Frameworks",
				);
				MARKETING_VERSION = 1.0;
				PRODUCT_BUNDLE_IDENTIFIER = dev.ruben.mynews;
				PRODUCT_NAME = "$(TARGET_NAME)";
				SWIFT_EMIT_LOC_STRINGS = YES;
				SWIFT_VERSION = 5.0;
				TARGETED_DEVICE_FAMILY = "1,2";
			};
			name = Release;
		};
/* End XCBuildConfiguration section */

/* Begin XCConfigurationList section */
		452F32C72C3BEED1007A4232 /* Build configuration list for PBXProject "mynews" */ = {
			isa = XCConfigurationList;
			buildConfigurations = (
				452F32DD2C3BEED2007A4232 /* Debug */,
				452F32DE2C3BEED2007A4232 /* Release */,
			);
			defaultConfigurationIsVisible = 0;
			defaultConfigurationName = Release;
		};
		452F32DF2C3BEED2007A4232 /* Build configuration list for PBXNativeTarget "mynews" */ = {
			isa = XCConfigurationList;
			buildConfigurations = (
				452F32E02C3BEED2007A4232 /* Debug */,
				452F32E12C3BEED2007A4232 /* Release */,
			);
			defaultConfigurationIsVisible = 0;
			defaultConfigurationName = Release;
		};
/* End XCConfigurationList section */

/* Begin XCVersionGroup section */
		452F32DA2C3BEED2007A4232 /* mynews.xcdatamodeld */ = {
			isa = XCVersionGroup;
			children = (
				452F32DB2C3BEED2007A4232 /* mynews.xcdatamodel */,
			);
			currentVersion = 452F32DB2C3BEED2007A4232 /* mynews.xcdatamodel */;
			path = mynews.xcdatamodeld;
			sourceTree = "<group>";
			versionGroupType = wrapper.xcdatamodel;
		};
/* End XCVersionGroup section */
	};
	rootObject = 452F32C42C3BEED1007A4232 /* Project object */;
}
